
Microsoft Visual Studio Solution File, Format Version 12.00
# Visual Studio Version 17
VisualStudioVersion = 17.0.31919.166
MinimumVisualStudioVersion = 10.0.40219.1
Project("{FAE04EC0-301F-11D3-BF4B-00C04F79EFBC}") = "PhotoSync", "PhotoSync\PhotoSync.csproj", "{12822F1B-AB1A-4C31-B46F-B422BDC8BCC1}"
EndProject
Global
	GlobalSection(SolutionConfigurationPlatforms) = preSolution
		Debug|Any CPU = Debug|Any CPU
		Release|Any CPU = Release|Any CPU
	EndGlobalSection
	GlobalSection(ProjectConfigurationPlatforms) = postSolution
		{12822F1B-AB1A-4C31-B46F-B422BDC8BCC1}.Debug|Any CPU.ActiveCfg = Debug|Any CPU
		{12822F1B-AB1A-4C31-B46F-B422BDC8BCC1}.Debug|Any CPU.Build.0 = Debug|Any CPU
		{12822F1B-AB1A-4C31-B46F-B422BDC8BCC1}.Release|Any CPU.ActiveCfg = Release|Any CPU
		{12822F1B-AB1A-4C31-B46F-B422BDC8BCC1}.Release|Any CPU.Build.0 = Release|Any CPU
	EndGlobalSection
	GlobalSection(SolutionProperties) = preSolution
		HideSolutionNode = FALSE
	EndGlobalSection
	GlobalSection(ExtensibilityGlobals) = postSolution
		SolutionGuid = {EA0F7CD3-4AE6-41F2-85BF-687F12A36AE5}
	EndGlobalSection
EndGlobal
